
Microsoft Visual Studio Solution File, Format Version 12.00
# Visual Studio 15
VisualStudioVersion = 15.0.26730.15
MinimumVisualStudioVersion = 10.0.40219.1
Project("{FAE04EC0-301F-11D3-BF4B-00C04F79EFBC}") = "Quizbee", "Quizbee\Quizbee.csproj", "{30DFC208-2DE5-4E66-9188-02D5635BEFE0}"
EndProject
Global
	GlobalSection(SolutionConfigurationPlatforms) = preSolution
		Debug|Any CPU = Debug|Any CPU
		Release|Any CPU = Release|Any CPU
	EndGlobalSection
	GlobalSection(ProjectConfigurationPlatforms) = postSolution
		{30DFC208-2DE5-4E66-9188-02D5635BEFE0}.Debug|Any CPU.ActiveCfg = Debug|Any CPU
		{30DFC208-2DE5-4E66-9188-02D5635BEFE0}.Debug|Any CPU.Build.0 = Debug|Any CPU
		{30DFC208-2DE5-4E66-9188-02D5635BEFE0}.Release|Any CPU.ActiveCfg = Release|Any CPU
		{30DFC208-2DE5-4E66-9188-02D5635BEFE0}.Release|Any CPU.Build.0 = Release|Any CPU
	EndGlobalSection
	GlobalSection(SolutionProperties) = preSolution
		HideSolutionNode = FALSE
	EndGlobalSection
	GlobalSection(ExtensibilityGlobals) = postSolution
		SolutionGuid = {9B0F0E5F-0DF6-4DC5-A5EA-9F3878C30FA0}
	EndGlobalSection
EndGlobal
